
Microsoft Visual Studio Solution File, Format Version 12.00
# Visual Studio Version 17
VisualStudioVersion = 17.13.35919.96 d17.13
MinimumVisualStudioVersion = 10.0.40219.1
Project("{FAE04EC0-301F-11D3-BF4B-00C04F79EFBC}") = "Parcial1Test", "Parcial1Test\Parcial1Test.csproj", "{318AA1D6-FA2B-4584-9B92-38DD63B4F257}"
EndProject
Project("{FAE04EC0-301F-11D3-BF4B-00C04F79EFBC}") = "Parcial1Lib1", "Parcial1Lib1\Parcial1Lib1.csproj", "{BFACE63A-C95E-40D1-8FA2-73E7B6624717}"
EndProject
Global
	GlobalSection(SolutionConfigurationPlatforms) = preSolution
		Debug|Any CPU = Debug|Any CPU
		Release|Any CPU = Release|Any CPU
	EndGlobalSection
	GlobalSection(ProjectConfigurationPlatforms) = postSolution
		{318AA1D6-FA2B-4584-9B92-38DD63B4F257}.Debug|Any CPU.ActiveCfg = Debug|Any CPU
		{318AA1D6-FA2B-4584-9B92-38DD63B4F257}.Debug|Any CPU.Build.0 = Debug|Any CPU
		{318AA1D6-FA2B-4584-9B92-38DD63B4F257}.Release|Any CPU.ActiveCfg = Release|Any CPU
		{318AA1D6-FA2B-4584-9B92-38DD63B4F257}.Release|Any CPU.Build.0 = Release|Any CPU
		{BFACE63A-C95E-40D1-8FA2-73E7B6624717}.Debug|Any CPU.ActiveCfg = Debug|Any CPU
		{BFACE63A-C95E-40D1-8FA2-73E7B6624717}.Debug|Any CPU.Build.0 = Debug|Any CPU
		{BFACE63A-C95E-40D1-8FA2-73E7B6624717}.Release|Any CPU.ActiveCfg = Release|Any CPU
		{BFACE63A-C95E-40D1-8FA2-73E7B6624717}.Release|Any CPU.Build.0 = Release|Any CPU
	EndGlobalSection
	GlobalSection(SolutionProperties) = preSolution
		HideSolutionNode = FALSE
	EndGlobalSection
	GlobalSection(ExtensibilityGlobals) = postSolution
		SolutionGuid = {20D376D3-0AEA-4A91-AA0B-344B2692346E}
	EndGlobalSection
EndGlobal
